
Microsoft Visual Studio Solution File, Format Version 12.00
# Visual Studio Version 16
VisualStudioVersion = 16.0.30114.105
MinimumVisualStudioVersion = 10.0.40219.1
Project("{FAE04EC0-301F-11D3-BF4B-00C04F79EFBC}") = "WPF4", "WPF4.csproj", "{524601AE-64FE-4C78-90B6-1BCC60787AE2}"
EndProject
Project("{FAE04EC0-301F-11D3-BF4B-00C04F79EFBC}") = "WindowEvents", "..\WindowEvents\WindowEvents.csproj", "{2226F864-EA37-457F-9BE5-6C1EBD70F3A7}"
EndProject
Project("{FAE04EC0-301F-11D3-BF4B-00C04F79EFBC}") = "WindowPosition", "..\WindowPosition\WindowPosition.csproj", "{4C4D9768-A2BF-4A5E-BAC8-0E13D0BFD5BF}"
EndProject
Project("{FAE04EC0-301F-11D3-BF4B-00C04F79EFBC}") = "WindowPositionSave", "..\WindowPositionSave\WindowPositionSave.csproj", "{97839BD9-C20E-4E3D-BAAF-170CDDCBE4B2}"
EndProject
Project("{FAE04EC0-301F-11D3-BF4B-00C04F79EFBC}") = "WindowInteracting", "..\WindowInteracting\WindowInteracting.csproj", "{607953A4-9341-444A-A092-591EC60CC1FC}"
EndProject
Project("{FAE04EC0-301F-11D3-BF4B-00C04F79EFBC}") = "WindowInteracting2", "..\WindowInteracting2\WindowInteracting2.csproj", "{F887DF59-9610-46C1-A72A-1F14FEE4A426}"
EndProject
Project("{FAE04EC0-301F-11D3-BF4B-00C04F79EFBC}") = "WindowOwnership", "..\WindowOwnership\WindowOwnership.csproj", "{C8BD73BF-6860-4B2B-8405-6821B90A6BD8}"
EndProject
Project("{FAE04EC0-301F-11D3-BF4B-00C04F79EFBC}") = "SaveOpenFileDialogs", "..\SaveOpenFileDialogs\SaveOpenFileDialogs.csproj", "{1E5E4270-B4DF-4258-A25B-3E5DD66E1304}"
EndProject
Project("{FAE04EC0-301F-11D3-BF4B-00C04F79EFBC}") = "NotRectangularWindow", "..\NotRectangularWindow\NotRectangularWindow.csproj", "{1A8EC555-FB8D-4CCD-B367-C89FA1FDBC89}"
EndProject
Project("{FAE04EC0-301F-11D3-BF4B-00C04F79EFBC}") = "NotRectangularWindow2", "..\NotRectangularWindow2\NotRectangularWindow2.csproj", "{C0C2ADA5-6157-4585-8978-910A80CDABDA}"
EndProject
Project("{FAE04EC0-301F-11D3-BF4B-00C04F79EFBC}") = "GlassEffect", "..\GlassEffect\GlassEffect.csproj", "{B802F6C2-BE06-40A2-9D72-29ED518AF699}"
EndProject
Project("{FAE04EC0-301F-11D3-BF4B-00C04F79EFBC}") = "Var1", "..\Var1\Var1.csproj", "{449BF3B8-976A-47B6-A896-310516B5D31E}"
EndProject
Project("{FAE04EC0-301F-11D3-BF4B-00C04F79EFBC}") = "Var2", "..\Var2\Var2.csproj", "{779FAA0C-8DE3-4BAF-B705-21C1C98B1E23}"
EndProject
Global
	GlobalSection(SolutionConfigurationPlatforms) = preSolution
		Debug|Any CPU = Debug|Any CPU
		Release|Any CPU = Release|Any CPU
	EndGlobalSection
	GlobalSection(ProjectConfigurationPlatforms) = postSolution
		{524601AE-64FE-4C78-90B6-1BCC60787AE2}.Debug|Any CPU.ActiveCfg = Debug|Any CPU
		{524601AE-64FE-4C78-90B6-1BCC60787AE2}.Debug|Any CPU.Build.0 = Debug|Any CPU
		{524601AE-64FE-4C78-90B6-1BCC60787AE2}.Release|Any CPU.ActiveCfg = Release|Any CPU
		{524601AE-64FE-4C78-90B6-1BCC60787AE2}.Release|Any CPU.Build.0 = Release|Any CPU
		{2226F864-EA37-457F-9BE5-6C1EBD70F3A7}.Debug|Any CPU.ActiveCfg = Debug|Any CPU
		{2226F864-EA37-457F-9BE5-6C1EBD70F3A7}.Debug|Any CPU.Build.0 = Debug|Any CPU
		{2226F864-EA37-457F-9BE5-6C1EBD70F3A7}.Release|Any CPU.ActiveCfg = Release|Any CPU
		{2226F864-EA37-457F-9BE5-6C1EBD70F3A7}.Release|Any CPU.Build.0 = Release|Any CPU
		{4C4D9768-A2BF-4A5E-BAC8-0E13D0BFD5BF}.Debug|Any CPU.ActiveCfg = Debug|Any CPU
		{4C4D9768-A2BF-4A5E-BAC8-0E13D0BFD5BF}.Debug|Any CPU.Build.0 = Debug|Any CPU
		{4C4D9768-A2BF-4A5E-BAC8-0E13D0BFD5BF}.Release|Any CPU.ActiveCfg = Release|Any CPU
		{4C4D9768-A2BF-4A5E-BAC8-0E13D0BFD5BF}.Release|Any CPU.Build.0 = Release|Any CPU
		{97839BD9-C20E-4E3D-BAAF-170CDDCBE4B2}.Debug|Any CPU.ActiveCfg = Debug|Any CPU
		{97839BD9-C20E-4E3D-BAAF-170CDDCBE4B2}.Debug|Any CPU.Build.0 = Debug|Any CPU
		{97839BD9-C20E-4E3D-BAAF-170CDDCBE4B2}.Release|Any CPU.ActiveCfg = Release|Any CPU
		{97839BD9-C20E-4E3D-BAAF-170CDDCBE4B2}.Release|Any CPU.Build.0 = Release|Any CPU
		{607953A4-9341-444A-A092-591EC60CC1FC}.Debug|Any CPU.ActiveCfg = Debug|Any CPU
		{607953A4-9341-444A-A092-591EC60CC1FC}.Debug|Any CPU.Build.0 = Debug|Any CPU
		{607953A4-9341-444A-A092-591EC60CC1FC}.Release|Any CPU.ActiveCfg = Release|Any CPU
		{607953A4-9341-444A-A092-591EC60CC1FC}.Release|Any CPU.Build.0 = Release|Any CPU
		{F887DF59-9610-46C1-A72A-1F14FEE4A426}.Debug|Any CPU.ActiveCfg = Debug|Any CPU
		{F887DF59-9610-46C1-A72A-1F14FEE4A426}.Debug|Any CPU.Build.0 = Debug|Any CPU
		{F887DF59-9610-46C1-A72A-1F14FEE4A426}.Release|Any CPU.ActiveCfg = Release|Any CPU
		{F887DF59-9610-46C1-A72A-1F14FEE4A426}.Release|Any CPU.Build.0 = Release|Any CPU
		{C8BD73BF-6860-4B2B-8405-6821B90A6BD8}.Debug|Any CPU.ActiveCfg = Debug|Any CPU
		{C8BD73BF-6860-4B2B-8405-6821B90A6BD8}.Debug|Any CPU.Build.0 = Debug|Any CPU
		{C8BD73BF-6860-4B2B-8405-6821B90A6BD8}.Release|Any CPU.ActiveCfg = Release|Any CPU
		{C8BD73BF-6860-4B2B-8405-6821B90A6BD8}.Release|Any CPU.Build.0 = Release|Any CPU
		{1E5E4270-B4DF-4258-A25B-3E5DD66E1304}.Debug|Any CPU.ActiveCfg = Debug|Any CPU
		{1E5E4270-B4DF-4258-A25B-3E5DD66E1304}.Debug|Any CPU.Build.0 = Debug|Any CPU
		{1E5E4270-B4DF-4258-A25B-3E5DD66E1304}.Release|Any CPU.ActiveCfg = Release|Any CPU
		{1E5E4270-B4DF-4258-A25B-3E5DD66E1304}.Release|Any CPU.Build.0 = Release|Any CPU
		{1A8EC555-FB8D-4CCD-B367-C89FA1FDBC89}.Debug|Any CPU.ActiveCfg = Debug|Any CPU
		{1A8EC555-FB8D-4CCD-B367-C89FA1FDBC89}.Debug|Any CPU.Build.0 = Debug|Any CPU
		{1A8EC555-FB8D-4CCD-B367-C89FA1FDBC89}.Release|Any CPU.ActiveCfg = Release|Any CPU
		{1A8EC555-FB8D-4CCD-B367-C89FA1FDBC89}.Release|Any CPU.Build.0 = Release|Any CPU
		{C0C2ADA5-6157-4585-8978-910A80CDABDA}.Debug|Any CPU.ActiveCfg = Debug|Any CPU
		{C0C2ADA5-6157-4585-8978-910A80CDABDA}.Debug|Any CPU.Build.0 = Debug|Any CPU
		{C0C2ADA5-6157-4585-8978-910A80CDABDA}.Release|Any CPU.ActiveCfg = Release|Any CPU
		{C0C2ADA5-6157-4585-8978-910A80CDABDA}.Release|Any CPU.Build.0 = Release|Any CPU
		{B802F6C2-BE06-40A2-9D72-29ED518AF699}.Debug|Any CPU.ActiveCfg = Debug|Any CPU
		{B802F6C2-BE06-40A2-9D72-29ED518AF699}.Debug|Any CPU.Build.0 = Debug|Any CPU
		{B802F6C2-BE06-40A2-9D72-29ED518AF699}.Release|Any CPU.ActiveCfg = Release|Any CPU
		{B802F6C2-BE06-40A2-9D72-29ED518AF699}.Release|Any CPU.Build.0 = Release|Any CPU
		{449BF3B8-976A-47B6-A896-310516B5D31E}.Debug|Any CPU.ActiveCfg = Debug|Any CPU
		{449BF3B8-976A-47B6-A896-310516B5D31E}.Debug|Any CPU.Build.0 = Debug|Any CPU
		{449BF3B8-976A-47B6-A896-310516B5D31E}.Release|Any CPU.ActiveCfg = Release|Any CPU
		{449BF3B8-976A-47B6-A896-310516B5D31E}.Release|Any CPU.Build.0 = Release|Any CPU
		{779FAA0C-8DE3-4BAF-B705-21C1C98B1E23}.Debug|Any CPU.ActiveCfg = Debug|Any CPU
		{779FAA0C-8DE3-4BAF-B705-21C1C98B1E23}.Debug|Any CPU.Build.0 = Debug|Any CPU
		{779FAA0C-8DE3-4BAF-B705-21C1C98B1E23}.Release|Any CPU.ActiveCfg = Release|Any CPU
		{779FAA0C-8DE3-4BAF-B705-21C1C98B1E23}.Release|Any CPU.Build.0 = Release|Any CPU
	EndGlobalSection
	GlobalSection(SolutionProperties) = preSolution
		HideSolutionNode = FALSE
	EndGlobalSection
	GlobalSection(ExtensibilityGlobals) = postSolution
		SolutionGuid = {8FBD82F3-9E91-489D-954C-783CCC97DC71}
	EndGlobalSection
EndGlobal
